<?xml version="1.0" encoding="UTF-8"?>
<!DOCTYPE plist PUBLIC "-//Apple//DTD PLIST 1.0//EN" "http://www.apple.com/DTDs/PropertyList-1.0.dtd">
<plist version="1.0">
<dict>
	<key>archiveVersion</key>
	<string>1</string>
	<key>classes</key>
	<dict/>
	<key>objectVersion</key>
	<string>46</string>
	<key>objects</key>
	<dict>
		<key>5AAAD386D7EE4063A3E1473C</key>
		<dict>
			<key>explicitFileType</key>
			<string>archive.ar</string>
			<key>includeInIndex</key>
			<string>0</string>
			<key>isa</key>
			<string>PBXFileReference</string>
			<key>path</key>
			<string>libPods.a</string>
			<key>sourceTree</key>
			<string>BUILT_PRODUCTS_DIR</string>
		</dict>
		<key>5CAB08DFC96F4A288F94E2CB</key>
		<dict>
			<key>fileRef</key>
			<string>5AAAD386D7EE4063A3E1473C</string>
			<key>isa</key>
			<string>PBXBuildFile</string>
		</dict>
		<key>7C32DE7EA0E0482D83639C50</key>
		<dict>
			<key>buildActionMask</key>
			<string>2147483647</string>
			<key>files</key>
			<array/>
			<key>inputPaths</key>
			<array/>
			<key>isa</key>
			<string>PBXShellScriptBuildPhase</string>
			<key>name</key>
			<string>Check Pods Manifest.lock</string>
			<key>outputPaths</key>
			<array/>
			<key>runOnlyForDeploymentPostprocessing</key>
			<string>0</string>
			<key>shellPath</key>
			<string>/bin/sh</string>
			<key>shellScript</key>
			<string>diff "${PODS_ROOT}/../Podfile.lock" "${PODS_ROOT}/Manifest.lock" &gt; /dev/null
if [[ $? != 0 ]] ; then
    cat &lt;&lt; EOM
error: The sandbox is not in sync with the Podfile.lock. Run 'pod install' or update your CocoaPods installation.
EOM
    exit 1
fi
</string>
			<key>showEnvVarsInLog</key>
			<string>0</string>
		</dict>
		<key>917B6166303DC3513B041F9D</key>
		<dict>
			<key>children</key>
			<array>
				<string>FBA45BF939F6894FACB2D9FE</string>
				<string>93671A9EF581D1B92C98422C</string>
			</array>
			<key>isa</key>
			<string>PBXGroup</string>
			<key>name</key>
			<string>Pods</string>
			<key>sourceTree</key>
			<string>&lt;group&gt;</string>
		</dict>
		<key>93671A9EF581D1B92C98422C</key>
		<dict>
			<key>includeInIndex</key>
			<string>1</string>
			<key>isa</key>
			<string>PBXFileReference</string>
			<key>lastKnownFileType</key>
			<string>text.xcconfig</string>
			<key>name</key>
			<string>Pods.release.xcconfig</string>
			<key>path</key>
			<string>Pods/Target Support Files/Pods/Pods.release.xcconfig</string>
			<key>sourceTree</key>
			<string>&lt;group&gt;</string>
		</dict>
		<key>B82986181945AA9E00661779</key>
		<dict>
			<key>children</key>
			<array>
				<string>B829862A1945AA9E00661779</string>
				<string>B829864C1945AA9E00661779</string>
				<string>B82986231945AA9E00661779</string>
				<string>B82986221945AA9E00661779</string>
				<string>917B6166303DC3513B041F9D</string>
			</array>
			<key>isa</key>
			<string>PBXGroup</string>
			<key>sourceTree</key>
			<string>&lt;group&gt;</string>
		</dict>
		<key>B82986191945AA9E00661779</key>
		<dict>
			<key>attributes</key>
			<dict>
				<key>LastUpgradeCheck</key>
				<string>0510</string>
				<key>TargetAttributes</key>
				<dict>
					<key>B82986441945AA9E00661779</key>
					<dict>
						<key>TestTargetID</key>
						<string>B82986201945AA9E00661779</string>
					</dict>
				</dict>
			</dict>
			<key>buildConfigurationList</key>
			<string>B829861C1945AA9E00661779</string>
			<key>compatibilityVersion</key>
			<string>Xcode 3.2</string>
			<key>developmentRegion</key>
			<string>English</string>
			<key>hasScannedForEncodings</key>
			<string>0</string>
			<key>isa</key>
			<string>PBXProject</string>
			<key>knownRegions</key>
			<array>
				<string>en</string>
				<string>Base</string>
			</array>
			<key>mainGroup</key>
			<string>B82986181945AA9E00661779</string>
			<key>productRefGroup</key>
			<string>B82986221945AA9E00661779</string>
			<key>projectDirPath</key>
			<string></string>
			<key>projectReferences</key>
			<array/>
			<key>projectRoot</key>
			<string></string>
			<key>targets</key>
			<array>
				<string>B82986201945AA9E00661779</string>
				<string>B82986441945AA9E00661779</string>
			</array>
		</dict>
		<key>B829861C1945AA9E00661779</key>
		<dict>
			<key>buildConfigurations</key>
			<array>
				<string>B82986541945AA9E00661779</string>
				<string>B82986551945AA9E00661779</string>
			</array>
			<key>defaultConfigurationIsVisible</key>
			<string>0</string>
			<key>defaultConfigurationName</key>
			<string>Release</string>
			<key>isa</key>
			<string>XCConfigurationList</string>
		</dict>
		<key>B829861D1945AA9E00661779</key>
		<dict>
			<key>buildActionMask</key>
			<string>2147483647</string>
			<key>files</key>
			<array>
				<string>B84FA6011949F9AE008B25BB</string>
				<string>B84FA5FE1949E063008B25BB</string>
				<string>B829863E1945AA9E00661779</string>
				<string>B82986351945AA9E00661779</string>
				<string>B8C26C8119E652780036BC39</string>
				<string>B829867B1946D93100661779</string>
				<string>B82986311945AA9E00661779</string>
				<string>B82986811946E44C00661779</string>
			</array>
			<key>isa</key>
			<string>PBXSourcesBuildPhase</string>
			<key>runOnlyForDeploymentPostprocessing</key>
			<string>0</string>
		</dict>
		<key>B829861E1945AA9E00661779</key>
		<dict>
			<key>buildActionMask</key>
			<string>2147483647</string>
			<key>files</key>
			<array>
				<string>B82986271945AA9E00661779</string>
				<string>B82986291945AA9E00661779</string>
				<string>B82986251945AA9E00661779</string>
				<string>5CAB08DFC96F4A288F94E2CB</string>
			</array>
			<key>isa</key>
			<string>PBXFrameworksBuildPhase</string>
			<key>runOnlyForDeploymentPostprocessing</key>
			<string>0</string>
		</dict>
		<key>B829861F1945AA9E00661779</key>
		<dict>
			<key>buildActionMask</key>
			<string>2147483647</string>
			<key>files</key>
			<array>
				<string>B82986401945AA9E00661779</string>
				<string>B829862F1945AA9E00661779</string>
				<string>B84FA610194AF3FD008B25BB</string>
			</array>
			<key>isa</key>
			<string>PBXResourcesBuildPhase</string>
			<key>runOnlyForDeploymentPostprocessing</key>
			<string>0</string>
		</dict>
		<key>B82986201945AA9E00661779</key>
		<dict>
			<key>buildConfigurationList</key>
			<string>B82986561945AA9E00661779</string>
			<key>buildPhases</key>
			<array>
				<string>7C32DE7EA0E0482D83639C50</string>
				<string>B829861D1945AA9E00661779</string>
				<string>B829861E1945AA9E00661779</string>
				<string>B829861F1945AA9E00661779</string>
				<string>C305F4FD65204C87B8CC7B3C</string>
			</array>
			<key>buildRules</key>
			<array/>
			<key>dependencies</key>
			<array/>
			<key>isa</key>
			<string>PBXNativeTarget</string>
			<key>name</key>
			<string>UpYunMultipartUploadSDK</string>
			<key>productName</key>
			<string>UpYunMultipartUploadSDK</string>
			<key>productReference</key>
			<string>B82986211945AA9E00661779</string>
			<key>productType</key>
			<string>com.apple.product-type.application</string>
		</dict>
		<key>B82986211945AA9E00661779</key>
		<dict>
			<key>explicitFileType</key>
			<string>wrapper.application</string>
			<key>includeInIndex</key>
			<string>0</string>
			<key>isa</key>
			<string>PBXFileReference</string>
			<key>path</key>
			<string>UpYunMultipartUploadSDK.app</string>
			<key>sourceTree</key>
			<string>BUILT_PRODUCTS_DIR</string>
		</dict>
		<key>B82986221945AA9E00661779</key>
		<dict>
			<key>children</key>
			<array>
				<string>B82986211945AA9E00661779</string>
				<string>B82986451945AA9E00661779</string>
			</array>
			<key>isa</key>
			<string>PBXGroup</string>
			<key>name</key>
			<string>Products</string>
			<key>sourceTree</key>
			<string>&lt;group&gt;</string>
		</dict>
		<key>B82986231945AA9E00661779</key>
		<dict>
			<key>children</key>
			<array>
				<string>B82986241945AA9E00661779</string>
				<string>B82986261945AA9E00661779</string>
				<string>B82986281945AA9E00661779</string>
				<string>B82986461945AA9E00661779</string>
				<string>5AAAD386D7EE4063A3E1473C</string>
			</array>
			<key>isa</key>
			<string>PBXGroup</string>
			<key>name</key>
			<string>Frameworks</string>
			<key>sourceTree</key>
			<string>&lt;group&gt;</string>
		</dict>
		<key>B82986241945AA9E00661779</key>
		<dict>
			<key>isa</key>
			<string>PBXFileReference</string>
			<key>lastKnownFileType</key>
			<string>wrapper.framework</string>
			<key>name</key>
			<string>Foundation.framework</string>
			<key>path</key>
			<string>System/Library/Frameworks/Foundation.framework</string>
			<key>sourceTree</key>
			<string>SDKROOT</string>
		</dict>
		<key>B82986251945AA9E00661779</key>
		<dict>
			<key>fileRef</key>
			<string>B82986241945AA9E00661779</string>
			<key>isa</key>
			<string>PBXBuildFile</string>
		</dict>
		<key>B82986261945AA9E00661779</key>
		<dict>
			<key>isa</key>
			<string>PBXFileReference</string>
			<key>lastKnownFileType</key>
			<string>wrapper.framework</string>
			<key>name</key>
			<string>CoreGraphics.framework</string>
			<key>path</key>
			<string>System/Library/Frameworks/CoreGraphics.framework</string>
			<key>sourceTree</key>
			<string>SDKROOT</string>
		</dict>
		<key>B82986271945AA9E00661779</key>
		<dict>
			<key>fileRef</key>
			<string>B82986261945AA9E00661779</string>
			<key>isa</key>
			<string>PBXBuildFile</string>
		</dict>
		<key>B82986281945AA9E00661779</key>
		<dict>
			<key>isa</key>
			<string>PBXFileReference</string>
			<key>lastKnownFileType</key>
			<string>wrapper.framework</string>
			<key>name</key>
			<string>UIKit.framework</string>
			<key>path</key>
			<string>System/Library/Frameworks/UIKit.framework</string>
			<key>sourceTree</key>
			<string>SDKROOT</string>
		</dict>
		<key>B82986291945AA9E00661779</key>
		<dict>
			<key>fileRef</key>
			<string>B82986281945AA9E00661779</string>
			<key>isa</key>
			<string>PBXBuildFile</string>
		</dict>
		<key>B829862A1945AA9E00661779</key>
		<dict>
			<key>children</key>
			<array>
				<string>B84FA60F194AF3FD008B25BB</string>
				<string>B829865C1945ABF400661779</string>
				<string>B82986331945AA9E00661779</string>
				<string>B82986341945AA9E00661779</string>
				<string>B829863C1945AA9E00661779</string>
				<string>B829863D1945AA9E00661779</string>
				<string>B829863F1945AA9E00661779</string>
				<string>B829862B1945AA9E00661779</string>
			</array>
			<key>isa</key>
			<string>PBXGroup</string>
			<key>path</key>
			<string>UpYunMultipartUploadSDK</string>
			<key>sourceTree</key>
			<string>&lt;group&gt;</string>
		</dict>
		<key>B829862B1945AA9E00661779</key>
		<dict>
			<key>children</key>
			<array>
				<string>B829862C1945AA9E00661779</string>
				<string>B829862D1945AA9E00661779</string>
				<string>B82986301945AA9E00661779</string>
				<string>B82986321945AA9E00661779</string>
			</array>
			<key>isa</key>
			<string>PBXGroup</string>
			<key>name</key>
			<string>Supporting Files</string>
			<key>sourceTree</key>
			<string>&lt;group&gt;</string>
		</dict>
		<key>B829862C1945AA9E00661779</key>
		<dict>
			<key>isa</key>
			<string>PBXFileReference</string>
			<key>lastKnownFileType</key>
			<string>text.plist.xml</string>
			<key>path</key>
			<string>UpYunMultipartUploadSDK-Info.plist</string>
			<key>sourceTree</key>
			<string>&lt;group&gt;</string>
		</dict>
		<key>B829862D1945AA9E00661779</key>
		<dict>
			<key>children</key>
			<array>
				<string>B829862E1945AA9E00661779</string>
			</array>
			<key>isa</key>
			<string>PBXVariantGroup</string>
			<key>name</key>
			<string>InfoPlist.strings</string>
			<key>sourceTree</key>
			<string>&lt;group&gt;</string>
		</dict>
		<key>B829862E1945AA9E00661779</key>
		<dict>
			<key>isa</key>
			<string>PBXFileReference</string>
			<key>lastKnownFileType</key>
			<string>text.plist.strings</string>
			<key>name</key>
			<string>en</string>
			<key>path</key>
			<string>en.lproj/InfoPlist.strings</string>
			<key>sourceTree</key>
			<string>&lt;group&gt;</string>
		</dict>
		<key>B829862F1945AA9E00661779</key>
		<dict>
			<key>fileRef</key>
			<string>B829862D1945AA9E00661779</string>
			<key>isa</key>
			<string>PBXBuildFile</string>
		</dict>
		<key>B82986301945AA9E00661779</key>
		<dict>
			<key>isa</key>
			<string>PBXFileReference</string>
			<key>lastKnownFileType</key>
			<string>sourcecode.c.objc</string>
			<key>path</key>
			<string>main.m</string>
			<key>sourceTree</key>
			<string>&lt;group&gt;</string>
		</dict>
		<key>B82986311945AA9E00661779</key>
		<dict>
			<key>fileRef</key>
			<string>B82986301945AA9E00661779</string>
			<key>isa</key>
			<string>PBXBuildFile</string>
		</dict>
		<key>B82986321945AA9E00661779</key>
		<dict>
			<key>isa</key>
			<string>PBXFileReference</string>
			<key>lastKnownFileType</key>
			<string>sourcecode.c.h</string>
			<key>path</key>
			<string>UpYunMultipartUploadSDK-Prefix.pch</string>
			<key>sourceTree</key>
			<string>&lt;group&gt;</string>
		</dict>
		<key>B82986331945AA9E00661779</key>
		<dict>
			<key>isa</key>
			<string>PBXFileReference</string>
			<key>lastKnownFileType</key>
			<string>sourcecode.c.h</string>
			<key>path</key>
			<string>AppDelegate.h</string>
			<key>sourceTree</key>
			<string>&lt;group&gt;</string>
		</dict>
		<key>B82986341945AA9E00661779</key>
		<dict>
			<key>isa</key>
			<string>PBXFileReference</string>
			<key>lastKnownFileType</key>
			<string>sourcecode.c.objc</string>
			<key>path</key>
			<string>AppDelegate.m</string>
			<key>sourceTree</key>
			<string>&lt;group&gt;</string>
		</dict>
		<key>B82986351945AA9E00661779</key>
		<dict>
			<key>fileRef</key>
			<string>B82986341945AA9E00661779</string>
			<key>isa</key>
			<string>PBXBuildFile</string>
		</dict>
		<key>B829863C1945AA9E00661779</key>
		<dict>
			<key>isa</key>
			<string>PBXFileReference</string>
			<key>lastKnownFileType</key>
			<string>sourcecode.c.h</string>
			<key>path</key>
			<string>ViewController.h</string>
			<key>sourceTree</key>
			<string>&lt;group&gt;</string>
		</dict>
		<key>B829863D1945AA9E00661779</key>
		<dict>
			<key>isa</key>
			<string>PBXFileReference</string>
			<key>lastKnownFileType</key>
			<string>sourcecode.c.objc</string>
			<key>path</key>
			<string>ViewController.m</string>
			<key>sourceTree</key>
			<string>&lt;group&gt;</string>
		</dict>
		<key>B829863E1945AA9E00661779</key>
		<dict>
			<key>fileRef</key>
			<string>B829863D1945AA9E00661779</string>
			<key>isa</key>
			<string>PBXBuildFile</string>
		</dict>
		<key>B829863F1945AA9E00661779</key>
		<dict>
			<key>isa</key>
			<string>PBXFileReference</string>
			<key>lastKnownFileType</key>
			<string>folder.assetcatalog</string>
			<key>path</key>
			<string>Images.xcassets</string>
			<key>sourceTree</key>
			<string>&lt;group&gt;</string>
		</dict>
		<key>B82986401945AA9E00661779</key>
		<dict>
			<key>fileRef</key>
			<string>B829863F1945AA9E00661779</string>
			<key>isa</key>
			<string>PBXBuildFile</string>
		</dict>
		<key>B82986411945AA9E00661779</key>
		<dict>
			<key>buildActionMask</key>
			<string>2147483647</string>
			<key>files</key>
			<array>
				<string>B82986531945AA9E00661779</string>
			</array>
			<key>isa</key>
			<string>PBXSourcesBuildPhase</string>
			<key>runOnlyForDeploymentPostprocessing</key>
			<string>0</string>
		</dict>
		<key>B82986421945AA9E00661779</key>
		<dict>
			<key>buildActionMask</key>
			<string>2147483647</string>
			<key>files</key>
			<array>
				<string>B82986471945AA9E00661779</string>
				<string>B82986491945AA9E00661779</string>
				<string>B82986481945AA9E00661779</string>
			</array>
			<key>isa</key>
			<string>PBXFrameworksBuildPhase</string>
			<key>runOnlyForDeploymentPostprocessing</key>
			<string>0</string>
		</dict>
		<key>B82986431945AA9E00661779</key>
		<dict>
			<key>buildActionMask</key>
			<string>2147483647</string>
			<key>files</key>
			<array>
				<string>B82986511945AA9E00661779</string>
			</array>
			<key>isa</key>
			<string>PBXResourcesBuildPhase</string>
			<key>runOnlyForDeploymentPostprocessing</key>
			<string>0</string>
		</dict>
		<key>B82986441945AA9E00661779</key>
		<dict>
			<key>buildConfigurationList</key>
			<string>B82986591945AA9E00661779</string>
			<key>buildPhases</key>
			<array>
				<string>B82986411945AA9E00661779</string>
				<string>B82986421945AA9E00661779</string>
				<string>B82986431945AA9E00661779</string>
			</array>
			<key>buildRules</key>
			<array/>
			<key>dependencies</key>
			<array>
				<string>B829864B1945AA9E00661779</string>
			</array>
			<key>isa</key>
			<string>PBXNativeTarget</string>
			<key>name</key>
			<string>UpYunMultipartUploadSDKTests</string>
			<key>productName</key>
			<string>UpYunMultipartUploadSDKTests</string>
			<key>productReference</key>
			<string>B82986451945AA9E00661779</string>
			<key>productType</key>
			<string>com.apple.product-type.bundle.unit-test</string>
		</dict>
		<key>B82986451945AA9E00661779</key>
		<dict>
			<key>explicitFileType</key>
			<string>wrapper.cfbundle</string>
			<key>includeInIndex</key>
			<string>0</string>
			<key>isa</key>
			<string>PBXFileReference</string>
			<key>path</key>
			<string>UpYunMultipartUploadSDKTests.xctest</string>
			<key>sourceTree</key>
			<string>BUILT_PRODUCTS_DIR</string>
		</dict>
		<key>B82986461945AA9E00661779</key>
		<dict>
			<key>isa</key>
			<string>PBXFileReference</string>
			<key>lastKnownFileType</key>
			<string>wrapper.framework</string>
			<key>name</key>
			<string>XCTest.framework</string>
			<key>path</key>
			<string>Library/Frameworks/XCTest.framework</string>
			<key>sourceTree</key>
			<string>DEVELOPER_DIR</string>
		</dict>
		<key>B82986471945AA9E00661779</key>
		<dict>
			<key>fileRef</key>
			<string>B82986461945AA9E00661779</string>
			<key>isa</key>
			<string>PBXBuildFile</string>
		</dict>
		<key>B82986481945AA9E00661779</key>
		<dict>
			<key>fileRef</key>
			<string>B82986241945AA9E00661779</string>
			<key>isa</key>
			<string>PBXBuildFile</string>
		</dict>
		<key>B82986491945AA9E00661779</key>
		<dict>
			<key>fileRef</key>
			<string>B82986281945AA9E00661779</string>
			<key>isa</key>
			<string>PBXBuildFile</string>
		</dict>
		<key>B829864A1945AA9E00661779</key>
		<dict>
			<key>containerPortal</key>
			<string>B82986191945AA9E00661779</string>
			<key>isa</key>
			<string>PBXContainerItemProxy</string>
			<key>proxyType</key>
			<string>1</string>
			<key>remoteGlobalIDString</key>
			<string>B82986201945AA9E00661779</string>
			<key>remoteInfo</key>
			<string>UpYunMultipartUploadSDK</string>
		</dict>
		<key>B829864B1945AA9E00661779</key>
		<dict>
			<key>isa</key>
			<string>PBXTargetDependency</string>
			<key>target</key>
			<string>B82986201945AA9E00661779</string>
			<key>targetProxy</key>
			<string>B829864A1945AA9E00661779</string>
		</dict>
		<key>B829864C1945AA9E00661779</key>
		<dict>
			<key>children</key>
			<array>
				<string>B82986521945AA9E00661779</string>
				<string>B829864D1945AA9E00661779</string>
			</array>
			<key>isa</key>
			<string>PBXGroup</string>
			<key>path</key>
			<string>UpYunMultipartUploadSDKTests</string>
			<key>sourceTree</key>
			<string>&lt;group&gt;</string>
		</dict>
		<key>B829864D1945AA9E00661779</key>
		<dict>
			<key>children</key>
			<array>
				<string>B829864E1945AA9E00661779</string>
				<string>B829864F1945AA9E00661779</string>
			</array>
			<key>isa</key>
			<string>PBXGroup</string>
			<key>name</key>
			<string>Supporting Files</string>
			<key>sourceTree</key>
			<string>&lt;group&gt;</string>
		</dict>
		<key>B829864E1945AA9E00661779</key>
		<dict>
			<key>isa</key>
			<string>PBXFileReference</string>
			<key>lastKnownFileType</key>
			<string>text.plist.xml</string>
			<key>path</key>
			<string>UpYunMultipartUploadSDKTests-Info.plist</string>
			<key>sourceTree</key>
			<string>&lt;group&gt;</string>
		</dict>
		<key>B829864F1945AA9E00661779</key>
		<dict>
			<key>children</key>
			<array>
				<string>B82986501945AA9E00661779</string>
			</array>
			<key>isa</key>
			<string>PBXVariantGroup</string>
			<key>name</key>
			<string>InfoPlist.strings</string>
			<key>sourceTree</key>
			<string>&lt;group&gt;</string>
		</dict>
		<key>B82986501945AA9E00661779</key>
		<dict>
			<key>isa</key>
			<string>PBXFileReference</string>
			<key>lastKnownFileType</key>
			<string>text.plist.strings</string>
			<key>name</key>
			<string>en</string>
			<key>path</key>
			<string>en.lproj/InfoPlist.strings</string>
			<key>sourceTree</key>
			<string>&lt;group&gt;</string>
		</dict>
		<key>B82986511945AA9E00661779</key>
		<dict>
			<key>fileRef</key>
			<string>B829864F1945AA9E00661779</string>
			<key>isa</key>
			<string>PBXBuildFile</string>
		</dict>
		<key>B82986521945AA9E00661779</key>
		<dict>
			<key>isa</key>
			<string>PBXFileReference</string>
			<key>lastKnownFileType</key>
			<string>sourcecode.c.objc</string>
			<key>path</key>
			<string>UpYunMultipartUploadSDKTests.m</string>
			<key>sourceTree</key>
			<string>&lt;group&gt;</string>
		</dict>
		<key>B82986531945AA9E00661779</key>
		<dict>
			<key>fileRef</key>
			<string>B82986521945AA9E00661779</string>
			<key>isa</key>
			<string>PBXBuildFile</string>
		</dict>
		<key>B82986541945AA9E00661779</key>
		<dict>
			<key>buildSettings</key>
			<dict>
				<key>ALWAYS_SEARCH_USER_PATHS</key>
				<string>NO</string>
				<key>CLANG_CXX_LANGUAGE_STANDARD</key>
				<string>gnu++0x</string>
				<key>CLANG_CXX_LIBRARY</key>
				<string>libc++</string>
				<key>CLANG_ENABLE_MODULES</key>
				<string>YES</string>
				<key>CLANG_ENABLE_OBJC_ARC</key>
				<string>YES</string>
				<key>CLANG_WARN_BOOL_CONVERSION</key>
				<string>YES</string>
				<key>CLANG_WARN_CONSTANT_CONVERSION</key>
				<string>YES</string>
				<key>CLANG_WARN_DIRECT_OBJC_ISA_USAGE</key>
				<string>YES_ERROR</string>
				<key>CLANG_WARN_EMPTY_BODY</key>
				<string>YES</string>
				<key>CLANG_WARN_ENUM_CONVERSION</key>
				<string>YES</string>
				<key>CLANG_WARN_INT_CONVERSION</key>
				<string>YES</string>
				<key>CLANG_WARN_OBJC_ROOT_CLASS</key>
				<string>YES_ERROR</string>
				<key>CLANG_WARN__DUPLICATE_METHOD_MATCH</key>
				<string>YES</string>
				<key>CODE_SIGN_IDENTITY[sdk=iphoneos*]</key>
				<string>iPhone Developer</string>
				<key>COPY_PHASE_STRIP</key>
				<string>NO</string>
				<key>GCC_C_LANGUAGE_STANDARD</key>
				<string>gnu99</string>
				<key>GCC_DYNAMIC_NO_PIC</key>
				<string>NO</string>
				<key>GCC_OPTIMIZATION_LEVEL</key>
				<string>0</string>
				<key>GCC_PREPROCESSOR_DEFINITIONS</key>
				<array>
					<string>DEBUG=1</string>
					<string>$(inherited)</string>
				</array>
				<key>GCC_SYMBOLS_PRIVATE_EXTERN</key>
				<string>NO</string>
				<key>GCC_WARN_64_TO_32_BIT_CONVERSION</key>
				<string>YES</string>
				<key>GCC_WARN_ABOUT_RETURN_TYPE</key>
				<string>YES_ERROR</string>
				<key>GCC_WARN_UNDECLARED_SELECTOR</key>
				<string>YES</string>
				<key>GCC_WARN_UNINITIALIZED_AUTOS</key>
				<string>YES_AGGRESSIVE</string>
				<key>GCC_WARN_UNUSED_FUNCTION</key>
				<string>YES</string>
				<key>GCC_WARN_UNUSED_VARIABLE</key>
				<string>YES</string>
				<key>IPHONEOS_DEPLOYMENT_TARGET</key>
				<string>7.1</string>
				<key>ONLY_ACTIVE_ARCH</key>
				<string>YES</string>
				<key>SDKROOT</key>
				<string>iphoneos</string>
				<key>TARGETED_DEVICE_FAMILY</key>
				<string>1,2</string>
			</dict>
			<key>isa</key>
			<string>XCBuildConfiguration</string>
			<key>name</key>
			<string>Debug</string>
		</dict>
		<key>B82986551945AA9E00661779</key>
		<dict>
			<key>buildSettings</key>
			<dict>
				<key>ALWAYS_SEARCH_USER_PATHS</key>
				<string>NO</string>
				<key>CLANG_CXX_LANGUAGE_STANDARD</key>
				<string>gnu++0x</string>
				<key>CLANG_CXX_LIBRARY</key>
				<string>libc++</string>
				<key>CLANG_ENABLE_MODULES</key>
				<string>YES</string>
				<key>CLANG_ENABLE_OBJC_ARC</key>
				<string>YES</string>
				<key>CLANG_WARN_BOOL_CONVERSION</key>
				<string>YES</string>
				<key>CLANG_WARN_CONSTANT_CONVERSION</key>
				<string>YES</string>
				<key>CLANG_WARN_DIRECT_OBJC_ISA_USAGE</key>
				<string>YES_ERROR</string>
				<key>CLANG_WARN_EMPTY_BODY</key>
				<string>YES</string>
				<key>CLANG_WARN_ENUM_CONVERSION</key>
				<string>YES</string>
				<key>CLANG_WARN_INT_CONVERSION</key>
				<string>YES</string>
				<key>CLANG_WARN_OBJC_ROOT_CLASS</key>
				<string>YES_ERROR</string>
				<key>CLANG_WARN__DUPLICATE_METHOD_MATCH</key>
				<string>YES</string>
				<key>CODE_SIGN_IDENTITY[sdk=iphoneos*]</key>
				<string>iPhone Developer</string>
				<key>COPY_PHASE_STRIP</key>
				<string>YES</string>
				<key>ENABLE_NS_ASSERTIONS</key>
				<string>NO</string>
				<key>GCC_C_LANGUAGE_STANDARD</key>
				<string>gnu99</string>
				<key>GCC_WARN_64_TO_32_BIT_CONVERSION</key>
				<string>YES</string>
				<key>GCC_WARN_ABOUT_RETURN_TYPE</key>
				<string>YES_ERROR</string>
				<key>GCC_WARN_UNDECLARED_SELECTOR</key>
				<string>YES</string>
				<key>GCC_WARN_UNINITIALIZED_AUTOS</key>
				<string>YES_AGGRESSIVE</string>
				<key>GCC_WARN_UNUSED_FUNCTION</key>
				<string>YES</string>
				<key>GCC_WARN_UNUSED_VARIABLE</key>
				<string>YES</string>
				<key>IPHONEOS_DEPLOYMENT_TARGET</key>
				<string>7.1</string>
				<key>SDKROOT</key>
				<string>iphoneos</string>
				<key>TARGETED_DEVICE_FAMILY</key>
				<string>1,2</string>
				<key>VALIDATE_PRODUCT</key>
				<string>YES</string>
			</dict>
			<key>isa</key>
			<string>XCBuildConfiguration</string>
			<key>name</key>
			<string>Release</string>
		</dict>
		<key>B82986561945AA9E00661779</key>
		<dict>
			<key>buildConfigurations</key>
			<array>
				<string>B82986571945AA9E00661779</string>
				<string>B82986581945AA9E00661779</string>
			</array>
			<key>defaultConfigurationIsVisible</key>
			<string>0</string>
			<key>defaultConfigurationName</key>
			<string>Release</string>
			<key>isa</key>
			<string>XCConfigurationList</string>
		</dict>
		<key>B82986571945AA9E00661779</key>
		<dict>
			<key>baseConfigurationReference</key>
			<string>FBA45BF939F6894FACB2D9FE</string>
			<key>buildSettings</key>
			<dict>
				<key>ASSETCATALOG_COMPILER_APPICON_NAME</key>
				<string>AppIcon</string>
				<key>ASSETCATALOG_COMPILER_LAUNCHIMAGE_NAME</key>
				<string>LaunchImage</string>
				<key>GCC_PRECOMPILE_PREFIX_HEADER</key>
				<string>YES</string>
				<key>GCC_PREFIX_HEADER</key>
				<string>UpYunMultipartUploadSDK/UpYunMultipartUploadSDK-Prefix.pch</string>
				<key>INFOPLIST_FILE</key>
				<string>UpYunMultipartUploadSDK/UpYunMultipartUploadSDK-Info.plist</string>
				<key>IPHONEOS_DEPLOYMENT_TARGET</key>
				<string>6.0</string>
				<key>PRODUCT_NAME</key>
				<string>$(TARGET_NAME)</string>
				<key>WRAPPER_EXTENSION</key>
				<string>app</string>
			</dict>
			<key>isa</key>
			<string>XCBuildConfiguration</string>
			<key>name</key>
			<string>Debug</string>
		</dict>
		<key>B82986581945AA9E00661779</key>
		<dict>
			<key>baseConfigurationReference</key>
			<string>93671A9EF581D1B92C98422C</string>
			<key>buildSettings</key>
			<dict>
				<key>ASSETCATALOG_COMPILER_APPICON_NAME</key>
				<string>AppIcon</string>
				<key>ASSETCATALOG_COMPILER_LAUNCHIMAGE_NAME</key>
				<string>LaunchImage</string>
				<key>GCC_PRECOMPILE_PREFIX_HEADER</key>
				<string>YES</string>
				<key>GCC_PREFIX_HEADER</key>
				<string>UpYunMultipartUploadSDK/UpYunMultipartUploadSDK-Prefix.pch</string>
				<key>INFOPLIST_FILE</key>
				<string>UpYunMultipartUploadSDK/UpYunMultipartUploadSDK-Info.plist</string>
				<key>IPHONEOS_DEPLOYMENT_TARGET</key>
				<string>6.0</string>
				<key>PRODUCT_NAME</key>
				<string>$(TARGET_NAME)</string>
				<key>WRAPPER_EXTENSION</key>
				<string>app</string>
			</dict>
			<key>isa</key>
			<string>XCBuildConfiguration</string>
			<key>name</key>
			<string>Release</string>
		</dict>
		<key>B82986591945AA9E00661779</key>
		<dict>
			<key>buildConfigurations</key>
			<array>
				<string>B829865A1945AA9E00661779</string>
				<string>B829865B1945AA9E00661779</string>
			</array>
			<key>defaultConfigurationIsVisible</key>
			<string>0</string>
			<key>defaultConfigurationName</key>
			<string>Release</string>
			<key>isa</key>
			<string>XCConfigurationList</string>
		</dict>
		<key>B829865A1945AA9E00661779</key>
		<dict>
			<key>buildSettings</key>
			<dict>
				<key>BUNDLE_LOADER</key>
				<string>$(BUILT_PRODUCTS_DIR)/UpYunMultipartUploadSDK.app/UpYunMultipartUploadSDK</string>
				<key>FRAMEWORK_SEARCH_PATHS</key>
				<array>
					<string>$(SDKROOT)/Developer/Library/Frameworks</string>
					<string>$(inherited)</string>
					<string>$(DEVELOPER_FRAMEWORKS_DIR)</string>
				</array>
				<key>GCC_PRECOMPILE_PREFIX_HEADER</key>
				<string>YES</string>
				<key>GCC_PREFIX_HEADER</key>
				<string>UpYunMultipartUploadSDK/UpYunMultipartUploadSDK-Prefix.pch</string>
				<key>GCC_PREPROCESSOR_DEFINITIONS</key>
				<array>
					<string>DEBUG=1</string>
					<string>$(inherited)</string>
				</array>
				<key>INFOPLIST_FILE</key>
				<string>UpYunMultipartUploadSDKTests/UpYunMultipartUploadSDKTests-Info.plist</string>
				<key>PRODUCT_NAME</key>
				<string>$(TARGET_NAME)</string>
				<key>TEST_HOST</key>
				<string>$(BUNDLE_LOADER)</string>
				<key>WRAPPER_EXTENSION</key>
				<string>xctest</string>
			</dict>
			<key>isa</key>
			<string>XCBuildConfiguration</string>
			<key>name</key>
			<string>Debug</string>
		</dict>
		<key>B829865B1945AA9E00661779</key>
		<dict>
			<key>buildSettings</key>
			<dict>
				<key>BUNDLE_LOADER</key>
				<string>$(BUILT_PRODUCTS_DIR)/UpYunMultipartUploadSDK.app/UpYunMultipartUploadSDK</string>
				<key>FRAMEWORK_SEARCH_PATHS</key>
				<array>
					<string>$(SDKROOT)/Developer/Library/Frameworks</string>
					<string>$(inherited)</string>
					<string>$(DEVELOPER_FRAMEWORKS_DIR)</string>
				</array>
				<key>GCC_PRECOMPILE_PREFIX_HEADER</key>
				<string>YES</string>
				<key>GCC_PREFIX_HEADER</key>
				<string>UpYunMultipartUploadSDK/UpYunMultipartUploadSDK-Prefix.pch</string>
				<key>INFOPLIST_FILE</key>
				<string>UpYunMultipartUploadSDKTests/UpYunMultipartUploadSDKTests-Info.plist</string>
				<key>PRODUCT_NAME</key>
				<string>$(TARGET_NAME)</string>
				<key>TEST_HOST</key>
				<string>$(BUNDLE_LOADER)</string>
				<key>WRAPPER_EXTENSION</key>
				<string>xctest</string>
			</dict>
			<key>isa</key>
			<string>XCBuildConfiguration</string>
			<key>name</key>
			<string>Release</string>
		</dict>
		<key>B829865C1945ABF400661779</key>
		<dict>
			<key>children</key>
			<array>
				<string>B8C26C7F19E652780036BC39</string>
				<string>B8C26C8019E652780036BC39</string>
				<string>B84FA5FF1949F9AE008B25BB</string>
				<string>B84FA6001949F9AE008B25BB</string>
				<string>B84FA5FC1949E063008B25BB</string>
				<string>B84FA5FD1949E063008B25BB</string>
				<string>B82986791946D93100661779</string>
				<string>B829867A1946D93100661779</string>
				<string>B829867F1946E44C00661779</string>
				<string>B82986801946E44C00661779</string>
			</array>
			<key>isa</key>
			<string>PBXGroup</string>
			<key>path</key>
			<string>Classes</string>
			<key>sourceTree</key>
			<string>&lt;group&gt;</string>
		</dict>
		<key>B82986791946D93100661779</key>
		<dict>
			<key>fileEncoding</key>
			<string>4</string>
			<key>isa</key>
			<string>PBXFileReference</string>
			<key>lastKnownFileType</key>
			<string>sourcecode.c.h</string>
			<key>path</key>
			<string>UMUUploaderOperation.h</string>
			<key>sourceTree</key>
			<string>&lt;group&gt;</string>
		</dict>
		<key>B829867A1946D93100661779</key>
		<dict>
			<key>fileEncoding</key>
			<string>4</string>
			<key>isa</key>
			<string>PBXFileReference</string>
			<key>lastKnownFileType</key>
			<string>sourcecode.c.objc</string>
			<key>path</key>
			<string>UMUUploaderOperation.m</string>
			<key>sourceTree</key>
			<string>&lt;group&gt;</string>
		</dict>
		<key>B829867B1946D93100661779</key>
		<dict>
			<key>fileRef</key>
			<string>B829867A1946D93100661779</string>
			<key>isa</key>
			<string>PBXBuildFile</string>
		</dict>
		<key>B829867F1946E44C00661779</key>
		<dict>
			<key>fileEncoding</key>
			<string>4</string>
			<key>isa</key>
			<string>PBXFileReference</string>
			<key>lastKnownFileType</key>
			<string>sourcecode.c.h</string>
			<key>path</key>
			<string>UMUUploaderManager.h</string>
			<key>sourceTree</key>
			<string>&lt;group&gt;</string>
		</dict>
		<key>B82986801946E44C00661779</key>
		<dict>
			<key>fileEncoding</key>
			<string>4</string>
			<key>isa</key>
			<string>PBXFileReference</string>
			<key>lastKnownFileType</key>
			<string>sourcecode.c.objc</string>
			<key>path</key>
			<string>UMUUploaderManager.m</string>
			<key>sourceTree</key>
			<string>&lt;group&gt;</string>
		</dict>
		<key>B82986811946E44C00661779</key>
		<dict>
			<key>fileRef</key>
			<string>B82986801946E44C00661779</string>
			<key>isa</key>
			<string>PBXBuildFile</string>
		</dict>
		<key>B84FA5FC1949E063008B25BB</key>
		<dict>
			<key>fileEncoding</key>
			<string>4</string>
			<key>isa</key>
			<string>PBXFileReference</string>
			<key>lastKnownFileType</key>
			<string>sourcecode.c.h</string>
			<key>path</key>
			<string>NSData+MD5Digest.h</string>
			<key>sourceTree</key>
			<string>&lt;group&gt;</string>
		</dict>
		<key>B84FA5FD1949E063008B25BB</key>
		<dict>
			<key>fileEncoding</key>
			<string>4</string>
			<key>isa</key>
			<string>PBXFileReference</string>
			<key>lastKnownFileType</key>
			<string>sourcecode.c.objc</string>
			<key>path</key>
			<string>NSData+MD5Digest.m</string>
			<key>sourceTree</key>
			<string>&lt;group&gt;</string>
		</dict>
		<key>B84FA5FE1949E063008B25BB</key>
		<dict>
			<key>fileRef</key>
			<string>B84FA5FD1949E063008B25BB</string>
			<key>isa</key>
			<string>PBXBuildFile</string>
		</dict>
		<key>B84FA5FF1949F9AE008B25BB</key>
		<dict>
			<key>fileEncoding</key>
			<string>4</string>
			<key>isa</key>
			<string>PBXFileReference</string>
			<key>lastKnownFileType</key>
			<string>sourcecode.c.h</string>
			<key>path</key>
			<string>NSString+Base64Encode.h</string>
			<key>sourceTree</key>
			<string>&lt;group&gt;</string>
		</dict>
		<key>B84FA6001949F9AE008B25BB</key>
		<dict>
			<key>fileEncoding</key>
			<string>4</string>
			<key>isa</key>
			<string>PBXFileReference</string>
			<key>lastKnownFileType</key>
			<string>sourcecode.c.objc</string>
			<key>path</key>
			<string>NSString+Base64Encode.m</string>
			<key>sourceTree</key>
			<string>&lt;group&gt;</string>
		</dict>
		<key>B84FA6011949F9AE008B25BB</key>
		<dict>
			<key>fileRef</key>
			<string>B84FA6001949F9AE008B25BB</string>
			<key>isa</key>
			<string>PBXBuildFile</string>
		</dict>
		<key>B84FA60F194AF3FD008B25BB</key>
		<dict>
			<key>isa</key>
			<string>PBXFileReference</string>
			<key>lastKnownFileType</key>
			<string>image.jpeg</string>
			<key>path</key>
			<string>1.jpeg</string>
			<key>sourceTree</key>
			<string>&lt;group&gt;</string>
		</dict>
		<key>B84FA610194AF3FD008B25BB</key>
		<dict>
			<key>fileRef</key>
			<string>B84FA60F194AF3FD008B25BB</string>
			<key>isa</key>
			<string>PBXBuildFile</string>
		</dict>
		<key>B8C26C7F19E652780036BC39</key>
		<dict>
			<key>fileEncoding</key>
			<string>4</string>
			<key>isa</key>
			<string>PBXFileReference</string>
			<key>lastKnownFileType</key>
			<string>sourcecode.c.h</string>
			<key>path</key>
			<string>NSString+NSHash.h</string>
			<key>sourceTree</key>
			<string>&lt;group&gt;</string>
		</dict>
		<key>B8C26C8019E652780036BC39</key>
		<dict>
			<key>fileEncoding</key>
			<string>4</string>
			<key>isa</key>
			<string>PBXFileReference</string>
			<key>lastKnownFileType</key>
			<string>sourcecode.c.objc</string>
			<key>path</key>
			<string>NSString+NSHash.m</string>
			<key>sourceTree</key>
			<string>&lt;group&gt;</string>
		</dict>
		<key>B8C26C8119E652780036BC39</key>
		<dict>
			<key>fileRef</key>
			<string>B8C26C8019E652780036BC39</string>
			<key>isa</key>
			<string>PBXBuildFile</string>
		</dict>
		<key>C305F4FD65204C87B8CC7B3C</key>
		<dict>
			<key>buildActionMask</key>
			<string>2147483647</string>
			<key>files</key>
			<array/>
			<key>inputPaths</key>
			<array/>
			<key>isa</key>
			<string>PBXShellScriptBuildPhase</string>
			<key>name</key>
			<string>Copy Pods Resources</string>
			<key>outputPaths</key>
			<array/>
			<key>runOnlyForDeploymentPostprocessing</key>
			<string>0</string>
			<key>shellPath</key>
			<string>/bin/sh</string>
			<key>shellScript</key>
			<string>"${SRCROOT}/Pods/Target Support Files/Pods/Pods-resources.sh"
</string>
			<key>showEnvVarsInLog</key>
			<string>0</string>
		</dict>
		<key>FBA45BF939F6894FACB2D9FE</key>
		<dict>
			<key>includeInIndex</key>
			<string>1</string>
			<key>isa</key>
			<string>PBXFileReference</string>
			<key>lastKnownFileType</key>
			<string>text.xcconfig</string>
			<key>name</key>
			<string>Pods.debug.xcconfig</string>
			<key>path</key>
			<string>Pods/Target Support Files/Pods/Pods.debug.xcconfig</string>
			<key>sourceTree</key>
			<string>&lt;group&gt;</string>
		</dict>
	</dict>
	<key>rootObject</key>
	<string>B82986191945AA9E00661779</string>
</dict>
</plist>
